{
  "name": "vue-project",
  "version": "0.1.0",
  "lockfileVersion": 1,
  "requires": true,
  "dependencies": {
    "highlight.js": {
      "version": "9.12.0",
      "resolved": "https://registry.npmjs.org/highlight.js/-/highlight.js-9.12.0.tgz",
      "integrity": "sha1-5tnb5Xy+/mB1HwKvM2GVhwyQwB4="
    },
    "marked": {
      "version": "0.4.0",
      "resolved": "https://registry.npmjs.org/marked/-/marked-0.4.0.tgz",
      "integrity": "sha512-tMsdNBgOsrUophCAFQl0XPe6Zqk/uy9gnue+jIIKhykO51hxyu6uNx7zBPy0+y/WKYVZZMspV9YeXLNdKk+iYw=="
    },
    "vue-meditor": {
      "version": "0.5.0",
      "resolved": "https://registry.npmjs.org/vue-meditor/-/vue-meditor-0.5.0.tgz",
      "integrity": "sha512-8qg4FZZDzRA6dvO77e8+IwOIvIovg2gTvl+s1WmFY2W7JOycwSVeksbEoxWi5Dh8gwn6Av/DDSe1tWFsMouxtA==",
      "requires": {
        "highlight.js": "9.12.0",
        "marked": "0.4.0",
        "vue": "2.5.17"
      },
      "dependencies": {
        "vue": {
          "version": "2.5.17",
          "resolved": "https://registry.npmjs.org/vue/-/vue-2.5.17.tgz",
          "integrity": "sha512-mFbcWoDIJi0w0Za4emyLiW72Jae0yjANHbCVquMKijcavBGypqlF7zHRgMa5k4sesdv7hv2rB4JPdZfR+TPfhQ=="
        }
      }
    }
  }
}
